
Microsoft Visual Studio Solution File, Format Version 12.00
# Visual Studio 15
VisualStudioVersion = 15.0.26403.3
MinimumVisualStudioVersion = 10.0.40219.1
Project("{FAE04EC0-301F-11D3-BF4B-00C04F79EFBC}") = "BattleShips", "ConsoleApp1\BattleShips.csproj", "{70E37A2A-8B7A-419C-8236-BD151B173763}"
EndProject
Project("{FAE04EC0-301F-11D3-BF4B-00C04F79EFBC}") = "ConsoleApp1Tests", "ConsoleApp1Tests\ConsoleApp1Tests.csproj", "{6DA93620-1D6A-474E-AC20-4EC7D34DC6F0}"
EndProject
Global
	GlobalSection(SolutionConfigurationPlatforms) = preSolution
		Debug|Any CPU = Debug|Any CPU
		Debug|x64 = Debug|x64
		Release|Any CPU = Release|Any CPU
		Release|x64 = Release|x64
	EndGlobalSection
	GlobalSection(ProjectConfigurationPlatforms) = postSolution
		{70E37A2A-8B7A-419C-8236-BD151B173763}.Debug|Any CPU.ActiveCfg = Debug|Any CPU
		{70E37A2A-8B7A-419C-8236-BD151B173763}.Debug|Any CPU.Build.0 = Debug|Any CPU
		{70E37A2A-8B7A-419C-8236-BD151B173763}.Debug|x64.ActiveCfg = Debug|x64
		{70E37A2A-8B7A-419C-8236-BD151B173763}.Debug|x64.Build.0 = Debug|x64
		{70E37A2A-8B7A-419C-8236-BD151B173763}.Release|Any CPU.ActiveCfg = Release|Any CPU
		{70E37A2A-8B7A-419C-8236-BD151B173763}.Release|Any CPU.Build.0 = Release|Any CPU
		{70E37A2A-8B7A-419C-8236-BD151B173763}.Release|x64.ActiveCfg = Release|x64
		{70E37A2A-8B7A-419C-8236-BD151B173763}.Release|x64.Build.0 = Release|x64
		{6DA93620-1D6A-474E-AC20-4EC7D34DC6F0}.Debug|Any CPU.ActiveCfg = Debug|Any CPU
		{6DA93620-1D6A-474E-AC20-4EC7D34DC6F0}.Debug|Any CPU.Build.0 = Debug|Any CPU
		{6DA93620-1D6A-474E-AC20-4EC7D34DC6F0}.Debug|x64.ActiveCfg = Debug|Any CPU
		{6DA93620-1D6A-474E-AC20-4EC7D34DC6F0}.Debug|x64.Build.0 = Debug|Any CPU
		{6DA93620-1D6A-474E-AC20-4EC7D34DC6F0}.Release|Any CPU.ActiveCfg = Release|Any CPU
		{6DA93620-1D6A-474E-AC20-4EC7D34DC6F0}.Release|Any CPU.Build.0 = Release|Any CPU
		{6DA93620-1D6A-474E-AC20-4EC7D34DC6F0}.Release|x64.ActiveCfg = Release|Any CPU
		{6DA93620-1D6A-474E-AC20-4EC7D34DC6F0}.Release|x64.Build.0 = Release|Any CPU
	EndGlobalSection
	GlobalSection(SolutionProperties) = preSolution
		HideSolutionNode = FALSE
	EndGlobalSection
EndGlobal
